// !$*UTF8*$!
{
	archiveVersion = 1;
	classes = {
	};
	objectVersion = 46;
	objects = {

/* Begin PBXBuildFile section */
		8C050A051CB32EB000BF88CF /* AppDelegate.swift in Sources */ = {isa = PBXBuildFile; fileRef = 8C050A041CB32EB000BF88CF /* AppDelegate.swift */; };
		8C050A071CB32EB000BF88CF /* ViewController.swift in Sources */ = {isa = PBXBuildFile; fileRef = 8C050A061CB32EB000BF88CF /* ViewController.swift */; };
		8C050A0A1CB32EB000BF88CF /* Main.storyboard in Resources */ = {isa = PBXBuildFile; fileRef = 8C050A081CB32EB000BF88CF /* Main.storyboard */; };
		8C050A0D1CB32EB000BF88CF /* UFC_FightFinder.xcdatamodeld in Sources */ = {isa = PBXBuildFile; fileRef = 8C050A0B1CB32EB000BF88CF /* UFC_FightFinder.xcdatamodeld */; };
		8C050A0F1CB32EB000BF88CF /* Assets.xcassets in Resources */ = {isa = PBXBuildFile; fileRef = 8C050A0E1CB32EB000BF88CF /* Assets.xcassets */; };
		8C050A121CB32EB000BF88CF /* LaunchScreen.storyboard in Resources */ = {isa = PBXBuildFile; fileRef = 8C050A101CB32EB000BF88CF /* LaunchScreen.storyboard */; };
/* End PBXBuildFile section */

/* Begin PBXFileReference section */
		8C050A011CB32EB000BF88CF /* UFC-FightFinder.app */ = {isa = PBXFileReference; explicitFileType = wrapper.application; includeInIndex = 0; path = "UFC-FightFinder.app"; sourceTree = BUILT_PRODUCTS_DIR; };
		8C050A041CB32EB000BF88CF /* AppDelegate.swift */ = {isa = PBXFileReference; lastKnownFileType = sourcecode.swift; path = AppDelegate.swift; sourceTree = "<group>"; };
		8C050A061CB32EB000BF88CF /* ViewController.swift */ = {isa = PBXFileReference; lastKnownFileType = sourcecode.swift; path = ViewController.swift; sourceTree = "<group>"; };
		8C050A091CB32EB000BF88CF /* Base */ = {isa = PBXFileReference; lastKnownFileType = file.storyboard; name = Base; path = Base.lproj/Main.storyboard; sourceTree = "<group>"; };
		8C050A0C1CB32EB000BF88CF /* UFC_FightFinder.xcdatamodel */ = {isa = PBXFileReference; lastKnownFileType = wrapper.xcdatamodel; path = UFC_FightFinder.xcdatamodel; sourceTree = "<group>"; };
		8C050A0E1CB32EB000BF88CF /* Assets.xcassets */ = {isa = PBXFileReference; lastKnownFileType = folder.assetcatalog; path = Assets.xcassets; sourceTree = "<group>"; };
		8C050A111CB32EB000BF88CF /* Base */ = {isa = PBXFileReference; lastKnownFileType = file.storyboard; name = Base; path = Base.lproj/LaunchScreen.storyboard; sourceTree = "<group>"; };
		8C050A131CB32EB000BF88CF /* Info.plist */ = {isa = PBXFileReference; lastKnownFileType = text.plist.xml; path = Info.plist; sourceTree = "<group>"; };
/* End PBXFileReference section */

/* Begin PBXFrameworksBuildPhase section */
		8C0509FE1CB32EB000BF88CF /* Frameworks */ = {
			isa = PBXFrameworksBuildPhase;
			buildActionMask = 2147483647;
			files = (
			);
			runOnlyForDeploymentPostprocessing = 0;
		};
/* End PBXFrameworksBuildPhase section */

/* Begin PBXGroup section */
		8C0509F81CB32EB000BF88CF = {
			isa = PBXGroup;
			children = (
				8C050A031CB32EB000BF88CF /* UFC-FightFinder */,
				8C050A021CB32EB000BF88CF /* Products */,
			);
			sourceTree = "<group>";
		};
		8C050A021CB32EB000BF88CF /* Products */ = {
			isa = PBXGroup;
			children = (
				8C050A011CB32EB000BF88CF /* UFC-FightFinder.app */,
			);
			name = Products;
			sourceTree = "<group>";
		};
		8C050A031CB32EB000BF88CF /* UFC-FightFinder */ = {
			isa = PBXGroup;
			children = (
				8C050A041CB32EB000BF88CF /* AppDelegate.swift */,
				8C050A061CB32EB000BF88CF /* ViewController.swift */,
				8C050A081CB32EB000BF88CF /* Main.storyboard */,
				8C050A0E1CB32EB000BF88CF /* Assets.xcassets */,
				8C050A101CB32EB000BF88CF /* LaunchScreen.storyboard */,
				8C050A131CB32EB000BF88CF /* Info.plist */,
				8C050A0B1CB32EB000BF88CF /* UFC_FightFinder.xcdatamodeld */,
			);
			path = "UFC-FightFinder";
			sourceTree = "<group>";
		};
/* End PBXGroup section */

/* Begin PBXNativeTarget section */
		8C050A001CB32EB000BF88CF /* UFC-FightFinder */ = {
			isa = PBXNativeTarget;
			buildConfigurationList = 8C050A161CB32EB000BF88CF /* Build configuration list for PBXNativeTarget "UFC-FightFinder" */;
			buildPhases = (
				8C0509FD1CB32EB000BF88CF /* Sources */,
				8C0509FE1CB32EB000BF88CF /* Frameworks */,
				8C0509FF1CB32EB000BF88CF /* Resources */,
			);
			buildRules = (
			);
			dependencies = (
			);
			name = "UFC-FightFinder";
			productName = "UFC-FightFinder";
			productReference = 8C050A011CB32EB000BF88CF /* UFC-FightFinder.app */;
			productType = "com.apple.product-type.application";
		};
/* End PBXNativeTarget section */

/* Begin PBXProject section */
		8C0509F91CB32EB000BF88CF /* Project object */ = {
			isa = PBXProject;
			attributes = {
				LastSwiftUpdateCheck = 0720;
				LastUpgradeCheck = 0720;
				ORGANIZATIONNAME = joebeard;
				TargetAttributes = {
					8C050A001CB32EB000BF88CF = {
						CreatedOnToolsVersion = 7.2.1;
					};
				};
			};
			buildConfigurationList = 8C0509FC1CB32EB000BF88CF /* Build configuration list for PBXProject "UFC-FightFinder" */;
			compatibilityVersion = "Xcode 3.2";
			developmentRegion = English;
			hasScannedForEncodings = 0;
			knownRegions = (
				en,
				Base,
			);
			mainGroup = 8C0509F81CB32EB000BF88CF;
			productRefGroup = 8C050A021CB32EB000BF88CF /* Products */;
			projectDirPath = "";
			projectRoot = "";
			targets = (
				8C050A001CB32EB000BF88CF /* UFC-FightFinder */,
			);
		};
/* End PBXProject section */

/* Begin PBXResourcesBuildPhase section */
		8C0509FF1CB32EB000BF88CF /* Resources */ = {
			isa = PBXResourcesBuildPhase;
			buildActionMask = 2147483647;
			files = (
				8C050A121CB32EB000BF88CF /* LaunchScreen.storyboard in Resources */,
				8C050A0F1CB32EB000BF88CF /* Assets.xcassets in Resources */,
				8C050A0A1CB32EB000BF88CF /* Main.storyboard in Resources */,
			);
			runOnlyForDeploymentPostprocessing = 0;
		};
/* End PBXResourcesBuildPhase section */

/* Begin PBXSourcesBuildPhase section */
		8C0509FD1CB32EB000BF88CF /* Sources */ = {
			isa = PBXSourcesBuildPhase;
			buildActionMask = 2147483647;
			files = (
				8C050A0D1CB32EB000BF88CF /* UFC_FightFinder.xcdatamodeld in Sources */,
				8C050A071CB32EB000BF88CF /* ViewController.swift in Sources */,
				8C050A051CB32EB000BF88CF /* AppDelegate.swift in Sources */,
			);
			runOnlyForDeploymentPostprocessing = 0;
		};
/* End PBXSourcesBuildPhase section */

/* Begin PBXVariantGroup section */
		8C050A081CB32EB000BF88CF /* Main.storyboard */ = {
			isa = PBXVariantGroup;
			children = (
				8C050A091CB32EB000BF88CF /* Base */,
			);
			name = Main.storyboard;
			sourceTree = "<group>";
		};
		8C050A101CB32EB000BF88CF /* LaunchScreen.storyboard */ = {
			isa = PBXVariantGroup;
			children = (
				8C050A111CB32EB000BF88CF /* Base */,
			);
			name = LaunchScreen.storyboard;
			sourceTree = "<group>";
		};
/* End PBXVariantGroup section */

/* Begin XCBuildConfiguration section */
		8C050A141CB32EB000BF88CF /* Debug */ = {
			isa = XCBuildConfiguration;
			buildSettings = {
				ALWAYS_SEARCH_USER_PATHS = NO;
				CLANG_CXX_LANGUAGE_STANDARD = "gnu++0x";
				CLANG_CXX_LIBRARY = "libc++";
				CLANG_ENABLE_MODULES = YES;
				CLANG_ENABLE_OBJC_ARC = YES;
				CLANG_WARN_BOOL_CONVERSION = YES;
				CLANG_WARN_CONSTANT_CONVERSION = YES;
				CLANG_WARN_DIRECT_OBJC_ISA_USAGE = YES_ERROR;
				CLANG_WARN_EMPTY_BODY = YES;
				CLANG_WARN_ENUM_CONVERSION = YES;
				CLANG_WARN_INT_CONVERSION = YES;
				CLANG_WARN_OBJC_ROOT_CLASS = YES_ERROR;
				CLANG_WARN_UNREACHABLE_CODE = YES;
				CLANG_WARN__DUPLICATE_METHOD_MATCH = YES;
				"CODE_SIGN_IDENTITY[sdk=iphoneos*]" = "iPhone Developer";
				COPY_PHASE_STRIP = NO;
				DEBUG_INFORMATION_FORMAT = dwarf;
				ENABLE_STRICT_OBJC_MSGSEND = YES;
				ENABLE_TESTABILITY = YES;
				GCC_C_LANGUAGE_STANDARD = gnu99;
				GCC_DYNAMIC_NO_PIC = NO;
				GCC_NO_COMMON_BLOCKS = YES;
				GCC_OPTIMIZATION_LEVEL = 0;
				GCC_PREPROCESSOR_DEFINITIONS = (
					"DEBUG=1",
					"$(inherited)",
				);
				GCC_WARN_64_TO_32_BIT_CONVERSION = YES;
				GCC_WARN_ABOUT_RETURN_TYPE = YES_ERROR;
				GCC_WARN_UNDECLARED_SELECTOR = YES;
				GCC_WARN_UNINITIALIZED_AUTOS = YES_AGGRESSIVE;
				GCC_WARN_UNUSED_FUNCTION = YES;
				GCC_WARN_UNUSED_VARIABLE = YES;
				IPHONEOS_DEPLOYMENT_TARGET = 9.2;
				MTL_ENABLE_DEBUG_INFO = YES;
				ONLY_ACTIVE_ARCH = YES;
				SDKROOT = iphoneos;
				SWIFT_OPTIMIZATION_LEVEL = "-Onone";
			};
			name = Debug;
		};
		8C050A151CB32EB000BF88CF /* Release */ = {
			isa = XCBuildConfiguration;
			buildSettings = {
				ALWAYS_SEARCH_USER_PATHS = NO;
				CLANG_CXX_LANGUAGE_STANDARD = "gnu++0x";
				CLANG_CXX_LIBRARY = "libc++";
				CLANG_ENABLE_MODULES = YES;
				CLANG_ENABLE_OBJC_ARC = YES;
				CLANG_WARN_BOOL_CONVERSION = YES;
				CLANG_WARN_CONSTANT_CONVERSION = YES;
				CLANG_WARN_DIRECT_OBJC_ISA_USAGE = YES_ERROR;
				CLANG_WARN_EMPTY_BODY = YES;
				CLANG_WARN_ENUM_CONVERSION = YES;
				CLANG_WARN_INT_CONVERSION = YES;
				CLANG_WARN_OBJC_ROOT_CLASS = YES_ERROR;
				CLANG_WARN_UNREACHABLE_CODE = YES;
				CLANG_WARN__DUPLICATE_METHOD_MATCH = YES;
				"CODE_SIGN_IDENTITY[sdk=iphoneos*]" = "iPhone Developer";
				COPY_PHASE_STRIP = NO;
				DEBUG_INFORMATION_FORMAT = "dwarf-with-dsym";
				ENABLE_NS_ASSERTIONS = NO;
				ENABLE_STRICT_OBJC_MSGSEND = YES;
				GCC_C_LANGUAGE_STANDARD = gnu99;
				GCC_NO_COMMON_BLOCKS = YES;
				GCC_WARN_64_TO_32_BIT_CONVERSION = YES;
				GCC_WARN_ABOUT_RETURN_TYPE = YES_ERROR;
				GCC_WARN_UNDECLARED_SELECTOR = YES;
				GCC_WARN_UNINITIALIZED_AUTOS = YES_AGGRESSIVE;
				GCC_WARN_UNUSED_FUNCTION = YES;
				GCC_WARN_UNUSED_VARIABLE = YES;
				IPHONEOS_DEPLOYMENT_TARGET = 9.2;
				MTL_ENABLE_DEBUG_INFO = NO;
				SDKROOT = iphoneos;
				VALIDATE_PRODUCT = YES;
			};
			name = Release;
		};
		8C050A171CB32EB000BF88CF /* Debug */ = {
			isa = XCBuildConfiguration;
			buildSettings = {
				ASSETCATALOG_COMPILER_APPICON_NAME = AppIcon;
				INFOPLIST_FILE = "UFC-FightFinder/Info.plist";
				LD_RUNPATH_SEARCH_PATHS = "$(inherited) @executable_path/Frameworks";
				PRODUCT_BUNDLE_IDENTIFIER = "com.joebeard.UFC-FightFinder";
				PRODUCT_NAME = "$(TARGET_NAME)";
			};
			name = Debug;
		};
		8C050A181CB32EB000BF88CF /* Release */ = {
			isa = XCBuildConfiguration;
			buildSettings = {
				ASSETCATALOG_COMPILER_APPICON_NAME = AppIcon;
				INFOPLIST_FILE = "UFC-FightFinder/Info.plist";
				LD_RUNPATH_SEARCH_PATHS = "$(inherited) @executable_path/Frameworks";
				PRODUCT_BUNDLE_IDENTIFIER = "com.joebeard.UFC-FightFinder";
				PRODUCT_NAME = "$(TARGET_NAME)";
			};
			name = Release;
		};
/* End XCBuildConfiguration section */

/* Begin XCConfigurationList section */
		8C0509FC1CB32EB000BF88CF /* Build configuration list for PBXProject "UFC-FightFinder" */ = {
			isa = XCConfigurationList;
			buildConfigurations = (
				8C050A141CB32EB000BF88CF /* Debug */,
				8C050A151CB32EB000BF88CF /* Release */,
			);
			defaultConfigurationIsVisible = 0;
			defaultConfigurationName = Release;
		};
		8C050A161CB32EB000BF88CF /* Build configuration list for PBXNativeTarget "UFC-FightFinder" */ = {
			isa = XCConfigurationList;
			buildConfigurations = (
				8C050A171CB32EB000BF88CF /* Debug */,
				8C050A181CB32EB000BF88CF /* Release */,
			);
			defaultConfigurationIsVisible = 0;
		};
/* End XCConfigurationList section */

/* Begin XCVersionGroup section */
		8C050A0B1CB32EB000BF88CF /* UFC_FightFinder.xcdatamodeld */ = {
			isa = XCVersionGroup;
			children = (
				8C050A0C1CB32EB000BF88CF /* UFC_FightFinder.xcdatamodel */,
			);
			currentVersion = 8C050A0C1CB32EB000BF88CF /* UFC_FightFinder.xcdatamodel */;
			path = UFC_FightFinder.xcdatamodeld;
			sourceTree = "<group>";
			versionGroupType = wrapper.xcdatamodel;
		};
/* End XCVersionGroup section */
	};
	rootObject = 8C0509F91CB32EB000BF88CF /* Project object */;
}
